
Microsoft Visual Studio Solution File, Format Version 12.00
# Visual Studio Version 16
VisualStudioVersion = 16.0.31410.357
MinimumVisualStudioVersion = 10.0.40219.1
Project("{FAE04EC0-301F-11D3-BF4B-00C04F79EFBC}") = "CXANDFX", "CXANDFX\CXANDFX.csproj", "{3C0B64ED-EF83-484C-8754-9B325820DF52}"
EndProject
Project("{F2A71F9B-5D33-465A-A702-920D77279786}") = "ClassLibrary1", "ClassLibrary1\ClassLibrary1.fsproj", "{1A5C849D-8E86-4E1F-9469-1285D2487F1E}"
EndProject
Global
	GlobalSection(SolutionConfigurationPlatforms) = preSolution
		Debug|Any CPU = Debug|Any CPU
		Release|Any CPU = Release|Any CPU
	EndGlobalSection
	GlobalSection(ProjectConfigurationPlatforms) = postSolution
		{3C0B64ED-EF83-484C-8754-9B325820DF52}.Debug|Any CPU.ActiveCfg = Debug|Any CPU
		{3C0B64ED-EF83-484C-8754-9B325820DF52}.Debug|Any CPU.Build.0 = Debug|Any CPU
		{3C0B64ED-EF83-484C-8754-9B325820DF52}.Release|Any CPU.ActiveCfg = Release|Any CPU
		{3C0B64ED-EF83-484C-8754-9B325820DF52}.Release|Any CPU.Build.0 = Release|Any CPU
		{1A5C849D-8E86-4E1F-9469-1285D2487F1E}.Debug|Any CPU.ActiveCfg = Debug|Any CPU
		{1A5C849D-8E86-4E1F-9469-1285D2487F1E}.Debug|Any CPU.Build.0 = Debug|Any CPU
		{1A5C849D-8E86-4E1F-9469-1285D2487F1E}.Release|Any CPU.ActiveCfg = Release|Any CPU
		{1A5C849D-8E86-4E1F-9469-1285D2487F1E}.Release|Any CPU.Build.0 = Release|Any CPU
	EndGlobalSection
	GlobalSection(SolutionProperties) = preSolution
		HideSolutionNode = FALSE
	EndGlobalSection
	GlobalSection(ExtensibilityGlobals) = postSolution
		SolutionGuid = {F45F4660-67B7-455A-B3AE-000D29C97EAA}
	EndGlobalSection
EndGlobal
